
Microsoft Visual Studio Solution File, Format Version 12.00
# Visual Studio Version 17
VisualStudioVersion = 17.9.34723.18
MinimumVisualStudioVersion = 10.0.40219.1
Project("{FAE04EC0-301F-11D3-BF4B-00C04F79EFBC}") = "NearValue", "NearValue\NearValue.csproj", "{0C5ABBAE-C6E4-4C18-9634-89D3F788C51B}"
EndProject
Global
	GlobalSection(SolutionConfigurationPlatforms) = preSolution
		Debug|Any CPU = Debug|Any CPU
		Release|Any CPU = Release|Any CPU
	EndGlobalSection
	GlobalSection(ProjectConfigurationPlatforms) = postSolution
		{0C5ABBAE-C6E4-4C18-9634-89D3F788C51B}.Debug|Any CPU.ActiveCfg = Debug|Any CPU
		{0C5ABBAE-C6E4-4C18-9634-89D3F788C51B}.Debug|Any CPU.Build.0 = Debug|Any CPU
		{0C5ABBAE-C6E4-4C18-9634-89D3F788C51B}.Release|Any CPU.ActiveCfg = Release|Any CPU
		{0C5ABBAE-C6E4-4C18-9634-89D3F788C51B}.Release|Any CPU.Build.0 = Release|Any CPU
	EndGlobalSection
	GlobalSection(SolutionProperties) = preSolution
		HideSolutionNode = FALSE
	EndGlobalSection
	GlobalSection(ExtensibilityGlobals) = postSolution
		SolutionGuid = {1920B045-A167-45DE-A5E1-7B85490752B4}
	EndGlobalSection
EndGlobal
